// !$*UTF8*$!
{
	archiveVersion = 1;
	classes = {
	};
	objectVersion = 46;
	objects = {

/* Begin PBXBuildFile section */
		656BB3751B0600E6003A80BA /* AppDelegate.m in Sources */ = {isa = PBXBuildFile; fileRef = 656BB3741B0600E6003A80BA /* AppDelegate.m */; };
		656BB3771B0600E6003A80BA /* main.m in Sources */ = {isa = PBXBuildFile; fileRef = 656BB3761B0600E6003A80BA /* main.m */; };
		656BB37A1B0600E6003A80BA /* Document.m in Sources */ = {isa = PBXBuildFile; fileRef = 656BB3791B0600E6003A80BA /* Document.m */; };
		656BB37D1B0600E6003A80BA /* Document.xib in Resources */ = {isa = PBXBuildFile; fileRef = 656BB37B1B0600E6003A80BA /* Document.xib */; };
		656BB37F1B0600E6003A80BA /* Images.xcassets in Resources */ = {isa = PBXBuildFile; fileRef = 656BB37E1B0600E6003A80BA /* Images.xcassets */; };
		656BB3821B0600E6003A80BA /* MainMenu.xib in Resources */ = {isa = PBXBuildFile; fileRef = 656BB3801B0600E6003A80BA /* MainMenu.xib */; };
		656BB38E1B0600E6003A80BA /* Toolbar_with_Pull_Down_MenuTests.m in Sources */ = {isa = PBXBuildFile; fileRef = 656BB38D1B0600E6003A80BA /* Toolbar_with_Pull_Down_MenuTests.m */; };
/* End PBXBuildFile section */

/* Begin PBXContainerItemProxy section */
		656BB3881B0600E6003A80BA /* PBXContainerItemProxy */ = {
			isa = PBXContainerItemProxy;
			containerPortal = 656BB3661B0600E6003A80BA /* Project object */;
			proxyType = 1;
			remoteGlobalIDString = 656BB36D1B0600E6003A80BA;
			remoteInfo = "Toolbar with Pull Down Menu";
		};
/* End PBXContainerItemProxy section */

/* Begin PBXFileReference section */
		656BB36E1B0600E6003A80BA /* Toolbar with Pull Down Menu.app */ = {isa = PBXFileReference; explicitFileType = wrapper.application; includeInIndex = 0; path = "Toolbar with Pull Down Menu.app"; sourceTree = BUILT_PRODUCTS_DIR; };
		656BB3721B0600E6003A80BA /* Info.plist */ = {isa = PBXFileReference; lastKnownFileType = text.plist.xml; path = Info.plist; sourceTree = "<group>"; };
		656BB3731B0600E6003A80BA /* AppDelegate.h */ = {isa = PBXFileReference; lastKnownFileType = sourcecode.c.h; path = AppDelegate.h; sourceTree = "<group>"; };
		656BB3741B0600E6003A80BA /* AppDelegate.m */ = {isa = PBXFileReference; lastKnownFileType = sourcecode.c.objc; path = AppDelegate.m; sourceTree = "<group>"; };
		656BB3761B0600E6003A80BA /* main.m */ = {isa = PBXFileReference; lastKnownFileType = sourcecode.c.objc; path = main.m; sourceTree = "<group>"; };
		656BB3781B0600E6003A80BA /* Document.h */ = {isa = PBXFileReference; lastKnownFileType = sourcecode.c.h; path = Document.h; sourceTree = "<group>"; };
		656BB3791B0600E6003A80BA /* Document.m */ = {isa = PBXFileReference; lastKnownFileType = sourcecode.c.objc; path = Document.m; sourceTree = "<group>"; };
		656BB37C1B0600E6003A80BA /* Base */ = {isa = PBXFileReference; lastKnownFileType = file.xib; name = Base; path = Base.lproj/Document.xib; sourceTree = "<group>"; };
		656BB37E1B0600E6003A80BA /* Images.xcassets */ = {isa = PBXFileReference; lastKnownFileType = folder.assetcatalog; path = Images.xcassets; sourceTree = "<group>"; };
		656BB3811B0600E6003A80BA /* Base */ = {isa = PBXFileReference; lastKnownFileType = file.xib; name = Base; path = Base.lproj/MainMenu.xib; sourceTree = "<group>"; };
		656BB3871B0600E6003A80BA /* Toolbar with Pull Down MenuTests.xctest */ = {isa = PBXFileReference; explicitFileType = wrapper.cfbundle; includeInIndex = 0; path = "Toolbar with Pull Down MenuTests.xctest"; sourceTree = BUILT_PRODUCTS_DIR; };
		656BB38C1B0600E6003A80BA /* Info.plist */ = {isa = PBXFileReference; lastKnownFileType = text.plist.xml; path = Info.plist; sourceTree = "<group>"; };
		656BB38D1B0600E6003A80BA /* Toolbar_with_Pull_Down_MenuTests.m */ = {isa = PBXFileReference; lastKnownFileType = sourcecode.c.objc; path = Toolbar_with_Pull_Down_MenuTests.m; sourceTree = "<group>"; };
/* End PBXFileReference section */

/* Begin PBXFrameworksBuildPhase section */
		656BB36B1B0600E6003A80BA /* Frameworks */ = {
			isa = PBXFrameworksBuildPhase;
			buildActionMask = 2147483647;
			files = (
			);
			runOnlyForDeploymentPostprocessing = 0;
		};
		656BB3841B0600E6003A80BA /* Frameworks */ = {
			isa = PBXFrameworksBuildPhase;
			buildActionMask = 2147483647;
			files = (
			);
			runOnlyForDeploymentPostprocessing = 0;
		};
/* End PBXFrameworksBuildPhase section */

/* Begin PBXGroup section */
		656BB3651B0600E6003A80BA = {
			isa = PBXGroup;
			children = (
				656BB3701B0600E6003A80BA /* Toolbar with Pull Down Menu */,
				656BB38A1B0600E6003A80BA /* Toolbar with Pull Down MenuTests */,
				656BB36F1B0600E6003A80BA /* Products */,
			);
			sourceTree = "<group>";
		};
		656BB36F1B0600E6003A80BA /* Products */ = {
			isa = PBXGroup;
			children = (
				656BB36E1B0600E6003A80BA /* Toolbar with Pull Down Menu.app */,
				656BB3871B0600E6003A80BA /* Toolbar with Pull Down MenuTests.xctest */,
			);
			name = Products;
			sourceTree = "<group>";
		};
		656BB3701B0600E6003A80BA /* Toolbar with Pull Down Menu */ = {
			isa = PBXGroup;
			children = (
				656BB3731B0600E6003A80BA /* AppDelegate.h */,
				656BB3741B0600E6003A80BA /* AppDelegate.m */,
				656BB3781B0600E6003A80BA /* Document.h */,
				656BB3791B0600E6003A80BA /* Document.m */,
				656BB37B1B0600E6003A80BA /* Document.xib */,
				656BB37E1B0600E6003A80BA /* Images.xcassets */,
				656BB3801B0600E6003A80BA /* MainMenu.xib */,
				656BB3711B0600E6003A80BA /* Supporting Files */,
			);
			path = "Toolbar with Pull Down Menu";
			sourceTree = "<group>";
		};
		656BB3711B0600E6003A80BA /* Supporting Files */ = {
			isa = PBXGroup;
			children = (
				656BB3721B0600E6003A80BA /* Info.plist */,
				656BB3761B0600E6003A80BA /* main.m */,
			);
			name = "Supporting Files";
			sourceTree = "<group>";
		};
		656BB38A1B0600E6003A80BA /* Toolbar with Pull Down MenuTests */ = {
			isa = PBXGroup;
			children = (
				656BB38D1B0600E6003A80BA /* Toolbar_with_Pull_Down_MenuTests.m */,
				656BB38B1B0600E6003A80BA /* Supporting Files */,
			);
			path = "Toolbar with Pull Down MenuTests";
			sourceTree = "<group>";
		};
		656BB38B1B0600E6003A80BA /* Supporting Files */ = {
			isa = PBXGroup;
			children = (
				656BB38C1B0600E6003A80BA /* Info.plist */,
			);
			name = "Supporting Files";
			sourceTree = "<group>";
		};
/* End PBXGroup section */

/* Begin PBXNativeTarget section */
		656BB36D1B0600E6003A80BA /* Toolbar with Pull Down Menu */ = {
			isa = PBXNativeTarget;
			buildConfigurationList = 656BB3911B0600E6003A80BA /* Build configuration list for PBXNativeTarget "Toolbar with Pull Down Menu" */;
			buildPhases = (
				656BB36A1B0600E6003A80BA /* Sources */,
				656BB36B1B0600E6003A80BA /* Frameworks */,
				656BB36C1B0600E6003A80BA /* Resources */,
			);
			buildRules = (
			);
			dependencies = (
			);
			name = "Toolbar with Pull Down Menu";
			productName = "Toolbar with Pull Down Menu";
			productReference = 656BB36E1B0600E6003A80BA /* Toolbar with Pull Down Menu.app */;
			productType = "com.apple.product-type.application";
		};
		656BB3861B0600E6003A80BA /* Toolbar with Pull Down MenuTests */ = {
			isa = PBXNativeTarget;
			buildConfigurationList = 656BB3941B0600E6003A80BA /* Build configuration list for PBXNativeTarget "Toolbar with Pull Down MenuTests" */;
			buildPhases = (
				656BB3831B0600E6003A80BA /* Sources */,
				656BB3841B0600E6003A80BA /* Frameworks */,
				656BB3851B0600E6003A80BA /* Resources */,
			);
			buildRules = (
			);
			dependencies = (
				656BB3891B0600E6003A80BA /* PBXTargetDependency */,
			);
			name = "Toolbar with Pull Down MenuTests";
			productName = "Toolbar with Pull Down MenuTests";
			productReference = 656BB3871B0600E6003A80BA /* Toolbar with Pull Down MenuTests.xctest */;
			productType = "com.apple.product-type.bundle.unit-test";
		};
/* End PBXNativeTarget section */

/* Begin PBXProject section */
		656BB3661B0600E6003A80BA /* Project object */ = {
			isa = PBXProject;
			attributes = {
				LastUpgradeCheck = 0630;
				ORGANIZATIONNAME = "Daniel Farrell";
				TargetAttributes = {
					656BB36D1B0600E6003A80BA = {
						CreatedOnToolsVersion = 6.3.1;
					};
					656BB3861B0600E6003A80BA = {
						CreatedOnToolsVersion = 6.3.1;
						TestTargetID = 656BB36D1B0600E6003A80BA;
					};
				};
			};
			buildConfigurationList = 656BB3691B0600E6003A80BA /* Build configuration list for PBXProject "Toolbar with Pull Down Menu" */;
			compatibilityVersion = "Xcode 3.2";
			developmentRegion = English;
			hasScannedForEncodings = 0;
			knownRegions = (
				en,
				Base,
			);
			mainGroup = 656BB3651B0600E6003A80BA;
			productRefGroup = 656BB36F1B0600E6003A80BA /* Products */;
			projectDirPath = "";
			projectRoot = "";
			targets = (
				656BB36D1B0600E6003A80BA /* Toolbar with Pull Down Menu */,
				656BB3861B0600E6003A80BA /* Toolbar with Pull Down MenuTests */,
			);
		};
/* End PBXProject section */

/* Begin PBXResourcesBuildPhase section */
		656BB36C1B0600E6003A80BA /* Resources */ = {
			isa = PBXResourcesBuildPhase;
			buildActionMask = 2147483647;
			files = (
				656BB37D1B0600E6003A80BA /* Document.xib in Resources */,
				656BB37F1B0600E6003A80BA /* Images.xcassets in Resources */,
				656BB3821B0600E6003A80BA /* MainMenu.xib in Resources */,
			);
			runOnlyForDeploymentPostprocessing = 0;
		};
		656BB3851B0600E6003A80BA /* Resources */ = {
			isa = PBXResourcesBuildPhase;
			buildActionMask = 2147483647;
			files = (
			);
			runOnlyForDeploymentPostprocessing = 0;
		};
/* End PBXResourcesBuildPhase section */

/* Begin PBXSourcesBuildPhase section */
		656BB36A1B0600E6003A80BA /* Sources */ = {
			isa = PBXSourcesBuildPhase;
			buildActionMask = 2147483647;
			files = (
				656BB37A1B0600E6003A80BA /* Document.m in Sources */,
				656BB3771B0600E6003A80BA /* main.m in Sources */,
				656BB3751B0600E6003A80BA /* AppDelegate.m in Sources */,
			);
			runOnlyForDeploymentPostprocessing = 0;
		};
		656BB3831B0600E6003A80BA /* Sources */ = {
			isa = PBXSourcesBuildPhase;
			buildActionMask = 2147483647;
			files = (
				656BB38E1B0600E6003A80BA /* Toolbar_with_Pull_Down_MenuTests.m in Sources */,
			);
			runOnlyForDeploymentPostprocessing = 0;
		};
/* End PBXSourcesBuildPhase section */

/* Begin PBXTargetDependency section */
		656BB3891B0600E6003A80BA /* PBXTargetDependency */ = {
			isa = PBXTargetDependency;
			target = 656BB36D1B0600E6003A80BA /* Toolbar with Pull Down Menu */;
			targetProxy = 656BB3881B0600E6003A80BA /* PBXContainerItemProxy */;
		};
/* End PBXTargetDependency section */

/* Begin PBXVariantGroup section */
		656BB37B1B0600E6003A80BA /* Document.xib */ = {
			isa = PBXVariantGroup;
			children = (
				656BB37C1B0600E6003A80BA /* Base */,
			);
			name = Document.xib;
			sourceTree = "<group>";
		};
		656BB3801B0600E6003A80BA /* MainMenu.xib */ = {
			isa = PBXVariantGroup;
			children = (
				656BB3811B0600E6003A80BA /* Base */,
			);
			name = MainMenu.xib;
			sourceTree = "<group>";
		};
/* End PBXVariantGroup section */

/* Begin XCBuildConfiguration section */
		656BB38F1B0600E6003A80BA /* Debug */ = {
			isa = XCBuildConfiguration;
			buildSettings = {
				ALWAYS_SEARCH_USER_PATHS = NO;
				CLANG_CXX_LANGUAGE_STANDARD = "gnu++0x";
				CLANG_CXX_LIBRARY = "libc++";
				CLANG_ENABLE_MODULES = YES;
				CLANG_ENABLE_OBJC_ARC = YES;
				CLANG_WARN_BOOL_CONVERSION = YES;
				CLANG_WARN_CONSTANT_CONVERSION = YES;
				CLANG_WARN_DIRECT_OBJC_ISA_USAGE = YES_ERROR;
				CLANG_WARN_EMPTY_BODY = YES;
				CLANG_WARN_ENUM_CONVERSION = YES;
				CLANG_WARN_INT_CONVERSION = YES;
				CLANG_WARN_OBJC_ROOT_CLASS = YES_ERROR;
				CLANG_WARN_UNREACHABLE_CODE = YES;
				CLANG_WARN__DUPLICATE_METHOD_MATCH = YES;
				CODE_SIGN_IDENTITY = "-";
				COPY_PHASE_STRIP = NO;
				DEBUG_INFORMATION_FORMAT = dwarf;
				ENABLE_STRICT_OBJC_MSGSEND = YES;
				GCC_C_LANGUAGE_STANDARD = gnu99;
				GCC_DYNAMIC_NO_PIC = NO;
				GCC_NO_COMMON_BLOCKS = YES;
				GCC_OPTIMIZATION_LEVEL = 0;
				GCC_PREPROCESSOR_DEFINITIONS = (
					"DEBUG=1",
					"$(inherited)",
				);
				GCC_SYMBOLS_PRIVATE_EXTERN = NO;
				GCC_WARN_64_TO_32_BIT_CONVERSION = YES;
				GCC_WARN_ABOUT_RETURN_TYPE = YES_ERROR;
				GCC_WARN_UNDECLARED_SELECTOR = YES;
				GCC_WARN_UNINITIALIZED_AUTOS = YES_AGGRESSIVE;
				GCC_WARN_UNUSED_FUNCTION = YES;
				GCC_WARN_UNUSED_VARIABLE = YES;
				MACOSX_DEPLOYMENT_TARGET = 10.10;
				MTL_ENABLE_DEBUG_INFO = YES;
				ONLY_ACTIVE_ARCH = YES;
				SDKROOT = macosx;
			};
			name = Debug;
		};
		656BB3901B0600E6003A80BA /* Release */ = {
			isa = XCBuildConfiguration;
			buildSettings = {
				ALWAYS_SEARCH_USER_PATHS = NO;
				CLANG_CXX_LANGUAGE_STANDARD = "gnu++0x";
				CLANG_CXX_LIBRARY = "libc++";
				CLANG_ENABLE_MODULES = YES;
				CLANG_ENABLE_OBJC_ARC = YES;
				CLANG_WARN_BOOL_CONVERSION = YES;
				CLANG_WARN_CONSTANT_CONVERSION = YES;
				CLANG_WARN_DIRECT_OBJC_ISA_USAGE = YES_ERROR;
				CLANG_WARN_EMPTY_BODY = YES;
				CLANG_WARN_ENUM_CONVERSION = YES;
				CLANG_WARN_INT_CONVERSION = YES;
				CLANG_WARN_OBJC_ROOT_CLASS = YES_ERROR;
				CLANG_WARN_UNREACHABLE_CODE = YES;
				CLANG_WARN__DUPLICATE_METHOD_MATCH = YES;
				CODE_SIGN_IDENTITY = "-";
				COPY_PHASE_STRIP = NO;
				DEBUG_INFORMATION_FORMAT = "dwarf-with-dsym";
				ENABLE_NS_ASSERTIONS = NO;
				ENABLE_STRICT_OBJC_MSGSEND = YES;
				GCC_C_LANGUAGE_STANDARD = gnu99;
				GCC_NO_COMMON_BLOCKS = YES;
				GCC_WARN_64_TO_32_BIT_CONVERSION = YES;
				GCC_WARN_ABOUT_RETURN_TYPE = YES_ERROR;
				GCC_WARN_UNDECLARED_SELECTOR = YES;
				GCC_WARN_UNINITIALIZED_AUTOS = YES_AGGRESSIVE;
				GCC_WARN_UNUSED_FUNCTION = YES;
				GCC_WARN_UNUSED_VARIABLE = YES;
				MACOSX_DEPLOYMENT_TARGET = 10.10;
				MTL_ENABLE_DEBUG_INFO = NO;
				SDKROOT = macosx;
			};
			name = Release;
		};
		656BB3921B0600E6003A80BA /* Debug */ = {
			isa = XCBuildConfiguration;
			buildSettings = {
				ASSETCATALOG_COMPILER_APPICON_NAME = AppIcon;
				COMBINE_HIDPI_IMAGES = YES;
				INFOPLIST_FILE = "Toolbar with Pull Down Menu/Info.plist";
				LD_RUNPATH_SEARCH_PATHS = "$(inherited) @executable_path/../Frameworks";
				PRODUCT_NAME = "$(TARGET_NAME)";
			};
			name = Debug;
		};
		656BB3931B0600E6003A80BA /* Release */ = {
			isa = XCBuildConfiguration;
			buildSettings = {
				ASSETCATALOG_COMPILER_APPICON_NAME = AppIcon;
				COMBINE_HIDPI_IMAGES = YES;
				INFOPLIST_FILE = "Toolbar with Pull Down Menu/Info.plist";
				LD_RUNPATH_SEARCH_PATHS = "$(inherited) @executable_path/../Frameworks";
				PRODUCT_NAME = "$(TARGET_NAME)";
			};
			name = Release;
		};
		656BB3951B0600E6003A80BA /* Debug */ = {
			isa = XCBuildConfiguration;
			buildSettings = {
				BUNDLE_LOADER = "$(TEST_HOST)";
				COMBINE_HIDPI_IMAGES = YES;
				FRAMEWORK_SEARCH_PATHS = (
					"$(DEVELOPER_FRAMEWORKS_DIR)",
					"$(inherited)",
				);
				GCC_PREPROCESSOR_DEFINITIONS = (
					"DEBUG=1",
					"$(inherited)",
				);
				INFOPLIST_FILE = "Toolbar with Pull Down MenuTests/Info.plist";
				LD_RUNPATH_SEARCH_PATHS = "$(inherited) @executable_path/../Frameworks @loader_path/../Frameworks";
				PRODUCT_NAME = "$(TARGET_NAME)";
				TEST_HOST = "$(BUILT_PRODUCTS_DIR)/Toolbar with Pull Down Menu.app/Contents/MacOS/Toolbar with Pull Down Menu";
			};
			name = Debug;
		};
		656BB3961B0600E6003A80BA /* Release */ = {
			isa = XCBuildConfiguration;
			buildSettings = {
				BUNDLE_LOADER = "$(TEST_HOST)";
				COMBINE_HIDPI_IMAGES = YES;
				FRAMEWORK_SEARCH_PATHS = (
					"$(DEVELOPER_FRAMEWORKS_DIR)",
					"$(inherited)",
				);
				INFOPLIST_FILE = "Toolbar with Pull Down MenuTests/Info.plist";
				LD_RUNPATH_SEARCH_PATHS = "$(inherited) @executable_path/../Frameworks @loader_path/../Frameworks";
				PRODUCT_NAME = "$(TARGET_NAME)";
				TEST_HOST = "$(BUILT_PRODUCTS_DIR)/Toolbar with Pull Down Menu.app/Contents/MacOS/Toolbar with Pull Down Menu";
			};
			name = Release;
		};
/* End XCBuildConfiguration section */

/* Begin XCConfigurationList section */
		656BB3691B0600E6003A80BA /* Build configuration list for PBXProject "Toolbar with Pull Down Menu" */ = {
			isa = XCConfigurationList;
			buildConfigurations = (
				656BB38F1B0600E6003A80BA /* Debug */,
				656BB3901B0600E6003A80BA /* Release */,
			);
			defaultConfigurationIsVisible = 0;
			defaultConfigurationName = Release;
		};
		656BB3911B0600E6003A80BA /* Build configuration list for PBXNativeTarget "Toolbar with Pull Down Menu" */ = {
			isa = XCConfigurationList;
			buildConfigurations = (
				656BB3921B0600E6003A80BA /* Debug */,
				656BB3931B0600E6003A80BA /* Release */,
			);
			defaultConfigurationIsVisible = 0;
		};
		656BB3941B0600E6003A80BA /* Build configuration list for PBXNativeTarget "Toolbar with Pull Down MenuTests" */ = {
			isa = XCConfigurationList;
			buildConfigurations = (
				656BB3951B0600E6003A80BA /* Debug */,
				656BB3961B0600E6003A80BA /* Release */,
			);
			defaultConfigurationIsVisible = 0;
		};
/* End XCConfigurationList section */
	};
	rootObject = 656BB3661B0600E6003A80BA /* Project object */;
}
